
Microsoft Visual Studio Solution File, Format Version 11.00
# Visual Studio 2010
Project("{FAE04EC0-301F-11D3-BF4B-00C04F79EFBC}") = "FallingCED", "Assembly-CSharp.csproj", "{AEE7A3A1-92EF-FE17-4EBA-099577517E02}"
EndProject
Project("{FAE04EC0-301F-11D3-BF4B-00C04F79EFBC}") = "FallingCED", "Assembly-CSharp-Editor.csproj", "{1DA47D27-F71F-1BA2-68E6-A9163BCEABFC}"
EndProject
Global
	GlobalSection(SolutionConfigurationPlatforms) = preSolution
		Debug|Any CPU = Debug|Any CPU
		Release|Any CPU = Release|Any CPU
	EndGlobalSection
	GlobalSection(ProjectConfigurationPlatforms) = postSolution
		{AEE7A3A1-92EF-FE17-4EBA-099577517E02}.Debug|Any CPU.ActiveCfg = Debug|Any CPU
		{AEE7A3A1-92EF-FE17-4EBA-099577517E02}.Debug|Any CPU.Build.0 = Debug|Any CPU
		{AEE7A3A1-92EF-FE17-4EBA-099577517E02}.Release|Any CPU.ActiveCfg = Release|Any CPU
		{AEE7A3A1-92EF-FE17-4EBA-099577517E02}.Release|Any CPU.Build.0 = Release|Any CPU
		{1DA47D27-F71F-1BA2-68E6-A9163BCEABFC}.Debug|Any CPU.ActiveCfg = Debug|Any CPU
		{1DA47D27-F71F-1BA2-68E6-A9163BCEABFC}.Debug|Any CPU.Build.0 = Debug|Any CPU
		{1DA47D27-F71F-1BA2-68E6-A9163BCEABFC}.Release|Any CPU.ActiveCfg = Release|Any CPU
		{1DA47D27-F71F-1BA2-68E6-A9163BCEABFC}.Release|Any CPU.Build.0 = Release|Any CPU
	EndGlobalSection
	GlobalSection(SolutionProperties) = preSolution
		HideSolutionNode = FALSE
	EndGlobalSection
	GlobalSection(MonoDevelopProperties) = preSolution
		StartupItem = Assembly-CSharp.csproj
	EndGlobalSection
EndGlobal
